# This file is automatically @generated by Cargo.
# It is not intended for manual editing.
version = 4

[[package]]
name = "beach_map"
version = "0.3.0"
source = "registry+https://github.com/rust-lang/crates.io-index"
checksum = "ad0e3007796f99ab13959597dc276038a3b39b27368a8160d7b5720f05a753da"

[[package]]
name = "scratch-compiler-3"
version = "0.1.0"
dependencies = [
 "beach_map",
]
